// !$*UTF8*$!
{
	archiveVersion = 1;
	classes = {
	};
	objectVersion = 77;
	objects = {

/* Begin PBXBuildFile section */
		3BFDA9152DF63ABF0075265A /* WidgetKit.framework in Frameworks */ = {isa = PBXBuildFile; fileRef = 3BFDA9142DF63ABE0075265A /* WidgetKit.framework */; };
		3BFDA9172DF63ABF0075265A /* SwiftUI.framework in Frameworks */ = {isa = PBXBuildFile; fileRef = 3BFDA9162DF63ABF0075265A /* SwiftUI.framework */; };
		3BFDA9222DF63AC00075265A /* pocketpalwidgetExtension.appex in Embed Foundation Extensions */ = {isa = PBXBuildFile; fileRef = 3BFDA9122DF63ABE0075265A /* pocketpalwidgetExtension.appex */; settings = {ATTRIBUTES = (RemoveHeadersOnCopy, ); }; };
/* End PBXBuildFile section */

/* Begin PBXContainerItemProxy section */
		3BFDA9202DF63AC00075265A /* PBXContainerItemProxy */ = {
			isa = PBXContainerItemProxy;
			containerPortal = 3BFDA8F82DF639970075265A /* Project object */;
			proxyType = 1;
			remoteGlobalIDString = 3BFDA9112DF63ABE0075265A;
			remoteInfo = pocketpalwidgetExtension;
		};
/* End PBXContainerItemProxy section */

/* Begin PBXCopyFilesBuildPhase section */
		3BE25D912DF6461E00D2FD39 /* Embed Frameworks */ = {
			isa = PBXCopyFilesBuildPhase;
			buildActionMask = 2147483647;
			dstPath = "";
			dstSubfolderSpec = 10;
			files = (
			);
			name = "Embed Frameworks";
			runOnlyForDeploymentPostprocessing = 0;
		};
		3BFDA9272DF63AC00075265A /* Embed Foundation Extensions */ = {
			isa = PBXCopyFilesBuildPhase;
			buildActionMask = 2147483647;
			dstPath = "";
			dstSubfolderSpec = 13;
			files = (
				3BFDA9222DF63AC00075265A /* pocketpalwidgetExtension.appex in Embed Foundation Extensions */,
			);
			name = "Embed Foundation Extensions";
			runOnlyForDeploymentPostprocessing = 0;
		};
/* End PBXCopyFilesBuildPhase section */

/* Begin PBXFileReference section */
		3BFDA9002DF639970075265A /* pocketpal.app */ = {isa = PBXFileReference; explicitFileType = wrapper.application; includeInIndex = 0; path = pocketpal.app; sourceTree = BUILT_PRODUCTS_DIR; };
		3BFDA9122DF63ABE0075265A /* pocketpalwidgetExtension.appex */ = {isa = PBXFileReference; explicitFileType = "wrapper.app-extension"; includeInIndex = 0; path = pocketpalwidgetExtension.appex; sourceTree = BUILT_PRODUCTS_DIR; };
		3BFDA9142DF63ABE0075265A /* WidgetKit.framework */ = {isa = PBXFileReference; lastKnownFileType = wrapper.framework; name = WidgetKit.framework; path = System/Library/Frameworks/WidgetKit.framework; sourceTree = SDKROOT; };
		3BFDA9162DF63ABF0075265A /* SwiftUI.framework */ = {isa = PBXFileReference; lastKnownFileType = wrapper.framework; name = SwiftUI.framework; path = System/Library/Frameworks/SwiftUI.framework; sourceTree = SDKROOT; };
/* End PBXFileReference section */

/* Begin PBXFileSystemSynchronizedBuildFileExceptionSet section */
		3BE25E582DF6468F00D2FD39 /* Exceptions for "pocketpal" folder in "pocketpalwidgetExtension" target */ = {
			isa = PBXFileSystemSynchronizedBuildFileExceptionSet;
			membershipExceptions = (
				Assets/bwsprite/001.gif,
				Assets/bwsprite/002.gif,
				Assets/bwsprite/003_f.gif,
				Assets/bwsprite/003.gif,
				Assets/bwsprite/004.gif,
				Assets/bwsprite/005.gif,
				Assets/bwsprite/006.gif,
				Assets/bwsprite/007.gif,
				Assets/bwsprite/008.gif,
				Assets/bwsprite/009.gif,
				Assets/bwsprite/010.gif,
				Assets/bwsprite/011.gif,
				Assets/bwsprite/012_f.gif,
				Assets/bwsprite/012.gif,
				Assets/bwsprite/013.gif,
				Assets/bwsprite/014.gif,
				Assets/bwsprite/015.gif,
				Assets/bwsprite/016.gif,
				Assets/bwsprite/017.gif,
				Assets/bwsprite/018.gif,
				Assets/bwsprite/019.gif,
				Assets/bwsprite/020.gif,
				Assets/bwsprite/021.gif,
				Assets/bwsprite/022.gif,
				Assets/bwsprite/023.gif,
				Assets/bwsprite/024.gif,
				Assets/bwsprite/025_f.gif,
				Assets/bwsprite/025.gif,
				Assets/bwsprite/026_f.gif,
				Assets/bwsprite/026.gif,
				Assets/bwsprite/027.gif,
				Assets/bwsprite/028.gif,
				Assets/bwsprite/029.gif,
				Assets/bwsprite/030.gif,
				Assets/bwsprite/031.gif,
				Assets/bwsprite/032.gif,
				Assets/bwsprite/033.gif,
				Assets/bwsprite/034.gif,
				Assets/bwsprite/035.gif,
				Assets/bwsprite/036.gif,
				Assets/bwsprite/037.gif,
				Assets/bwsprite/038.gif,
				Assets/bwsprite/039.gif,
				Assets/bwsprite/040.gif,
				Assets/bwsprite/041.gif,
				Assets/bwsprite/042.gif,
				Assets/bwsprite/043.gif,
				Assets/bwsprite/044.gif,
				Assets/bwsprite/045.gif,
				Assets/bwsprite/046.gif,
				Assets/bwsprite/047.gif,
				Assets/bwsprite/048.gif,
				Assets/bwsprite/049.gif,
				Assets/bwsprite/050.gif,
				Assets/bwsprite/051.gif,
				Assets/bwsprite/052.gif,
				Assets/bwsprite/053.gif,
				Assets/bwsprite/054.gif,
				Assets/bwsprite/055.gif,
				Assets/bwsprite/056.gif,
				Assets/bwsprite/057.gif,
				Assets/bwsprite/058.gif,
				Assets/bwsprite/059.gif,
				Assets/bwsprite/060.gif,
				Assets/bwsprite/061.gif,
				Assets/bwsprite/062.gif,
				Assets/bwsprite/063.gif,
				Assets/bwsprite/064_f.gif,
				Assets/bwsprite/064.gif,
				Assets/bwsprite/065_f.gif,
				Assets/bwsprite/065.gif,
				Assets/bwsprite/066.gif,
				Assets/bwsprite/067.gif,
				Assets/bwsprite/068.gif,
				Assets/bwsprite/069.gif,
				Assets/bwsprite/070.gif,
				Assets/bwsprite/071.gif,
				Assets/bwsprite/072.gif,
				Assets/bwsprite/073.gif,
				Assets/bwsprite/074.gif,
				Assets/bwsprite/075.gif,
				Assets/bwsprite/076.gif,
				Assets/bwsprite/077.gif,
				Assets/bwsprite/078.gif,
				Assets/bwsprite/079.gif,
				Assets/bwsprite/080.gif,
				Assets/bwsprite/081.gif,
				Assets/bwsprite/082.gif,
				Assets/bwsprite/083.gif,
				Assets/bwsprite/084_f.gif,
				Assets/bwsprite/084.gif,
				Assets/bwsprite/085_f.gif,
				Assets/bwsprite/085.gif,
				Assets/bwsprite/086.gif,
				Assets/bwsprite/087.gif,
				Assets/bwsprite/088.gif,
				Assets/bwsprite/089.gif,
				Assets/bwsprite/090.gif,
				Assets/bwsprite/091.gif,
				Assets/bwsprite/092.gif,
				Assets/bwsprite/093.gif,
				Assets/bwsprite/094.gif,
				Assets/bwsprite/095.gif,
				Assets/bwsprite/096.gif,
				Assets/bwsprite/097.gif,
				Assets/bwsprite/098.gif,
				Assets/bwsprite/099.gif,
				Assets/bwsprite/100.gif,
				Assets/bwsprite/101.gif,
				Assets/bwsprite/102.gif,
				Assets/bwsprite/103.gif,
				Assets/bwsprite/104.gif,
				Assets/bwsprite/105.gif,
				Assets/bwsprite/106.gif,
				Assets/bwsprite/107.gif,
				Assets/bwsprite/108.gif,
				Assets/bwsprite/109.gif,
				Assets/bwsprite/110.gif,
				Assets/bwsprite/111.gif,
				Assets/bwsprite/112.gif,
				Assets/bwsprite/113.gif,
				Assets/bwsprite/114.gif,
				Assets/bwsprite/115.gif,
				Assets/bwsprite/116.gif,
				Assets/bwsprite/117.gif,
				Assets/bwsprite/118.gif,
				Assets/bwsprite/119.gif,
				Assets/bwsprite/120.gif,
				Assets/bwsprite/121.gif,
				Assets/bwsprite/122.gif,
				Assets/bwsprite/123.gif,
				Assets/bwsprite/124.gif,
				Assets/bwsprite/125.gif,
				Assets/bwsprite/126.gif,
				Assets/bwsprite/127.gif,
				Assets/bwsprite/128.gif,
				Assets/bwsprite/129.gif,
				Assets/bwsprite/130.gif,
				Assets/bwsprite/131.gif,
				Assets/bwsprite/132.gif,
				Assets/bwsprite/133.gif,
				Assets/bwsprite/134.gif,
				Assets/bwsprite/135.gif,
				Assets/bwsprite/136.gif,
				Assets/bwsprite/137.gif,
				Assets/bwsprite/138.gif,
				Assets/bwsprite/139.gif,
				Assets/bwsprite/140.gif,
				Assets/bwsprite/141.gif,
				Assets/bwsprite/142.gif,
				Assets/bwsprite/143.gif,
				Assets/bwsprite/144.gif,
				Assets/bwsprite/145.gif,
				Assets/bwsprite/146.gif,
				Assets/bwsprite/147.gif,
				Assets/bwsprite/148.gif,
				Assets/bwsprite/149.gif,
				Assets/bwsprite/150.gif,
				Assets/bwsprite/151.gif,
				Assets/bwsprite/152.gif,
				Assets/bwsprite/153.gif,
				Assets/bwsprite/154.gif,
				Assets/bwsprite/155.gif,
				Assets/bwsprite/156.gif,
				Assets/bwsprite/157.gif,
				Assets/bwsprite/158.gif,
				Assets/bwsprite/159.gif,
				Assets/bwsprite/160.gif,
				Assets/bwsprite/161.gif,
				Assets/bwsprite/162.gif,
				Assets/bwsprite/163.gif,
				Assets/bwsprite/164.gif,
				Assets/bwsprite/165.gif,
				Assets/bwsprite/166.gif,
				Assets/bwsprite/167.gif,
				Assets/bwsprite/168.gif,
				Assets/bwsprite/169.gif,
				Assets/bwsprite/170.gif,
				Assets/bwsprite/171.gif,
				Assets/bwsprite/172.gif,
				Assets/bwsprite/173.gif,
				Assets/bwsprite/174.gif,
				Assets/bwsprite/175.gif,
				Assets/bwsprite/176.gif,
				Assets/bwsprite/177.gif,
				Assets/bwsprite/178.gif,
				Assets/bwsprite/179.gif,
				Assets/bwsprite/180.gif,
				Assets/bwsprite/181.gif,
				Assets/bwsprite/182.gif,
				Assets/bwsprite/183.gif,
				Assets/bwsprite/184.gif,
				Assets/bwsprite/185.gif,
				Assets/bwsprite/186.gif,
				Assets/bwsprite/187.gif,
				Assets/bwsprite/188.gif,
				Assets/bwsprite/189.gif,
				Assets/bwsprite/190.gif,
				Assets/bwsprite/191.gif,
				Assets/bwsprite/192.gif,
				Assets/bwsprite/193.gif,
				Assets/bwsprite/194.gif,
				Assets/bwsprite/195.gif,
				Assets/bwsprite/196.gif,
				Assets/bwsprite/197.gif,
				Assets/bwsprite/198.gif,
				Assets/bwsprite/199.gif,
				Assets/bwsprite/200.gif,
				Assets/bwsprite/201.gif,
				Assets/bwsprite/202.gif,
				Assets/bwsprite/203_f.gif,
				Assets/bwsprite/203.gif,
				Assets/bwsprite/204.gif,
				Assets/bwsprite/205.gif,
				Assets/bwsprite/206.gif,
				Assets/bwsprite/207.gif,
				Assets/bwsprite/208_f.gif,
				Assets/bwsprite/208.gif,
				Assets/bwsprite/209.gif,
				Assets/bwsprite/210.gif,
				Assets/bwsprite/211.gif,
				Assets/bwsprite/212.gif,
				Assets/bwsprite/213.gif,
				Assets/bwsprite/214_f.gif,
				Assets/bwsprite/214.gif,
				Assets/bwsprite/215.gif,
				Assets/bwsprite/216.gif,
				Assets/bwsprite/217.gif,
				Assets/bwsprite/218.gif,
				Assets/bwsprite/219.gif,
				Assets/bwsprite/220.gif,
				Assets/bwsprite/221_f.gif,
				Assets/bwsprite/221.gif,
				Assets/bwsprite/222.gif,
				Assets/bwsprite/223.gif,
				Assets/bwsprite/224.gif,
				Assets/bwsprite/225.gif,
				Assets/bwsprite/226.gif,
				Assets/bwsprite/227.gif,
				Assets/bwsprite/228.gif,
				Assets/bwsprite/229.gif,
				Assets/bwsprite/230.gif,
				Assets/bwsprite/231.gif,
				Assets/bwsprite/232.gif,
				Assets/bwsprite/233.gif,
				Assets/bwsprite/234.gif,
				Assets/bwsprite/235.gif,
				Assets/bwsprite/236.gif,
				Assets/bwsprite/237.gif,
				Assets/bwsprite/238.gif,
				Assets/bwsprite/239.gif,
				Assets/bwsprite/240.gif,
				Assets/bwsprite/241.gif,
				Assets/bwsprite/242.gif,
				Assets/bwsprite/243.gif,
				Assets/bwsprite/244.gif,
				Assets/bwsprite/245.gif,
				Assets/bwsprite/246.gif,
				Assets/bwsprite/247.gif,
				Assets/bwsprite/248.gif,
				Assets/bwsprite/249.gif,
				Assets/bwsprite/250.gif,
				Assets/bwsprite/251.gif,
				Assets/bwsprite/252.gif,
				Assets/bwsprite/253.gif,
				Assets/bwsprite/254.gif,
				Assets/bwsprite/255.gif,
				Assets/bwsprite/256.gif,
				Assets/bwsprite/257.gif,
				Assets/bwsprite/258.gif,
				Assets/bwsprite/259.gif,
				Assets/bwsprite/260.gif,
				Assets/bwsprite/261.gif,
				Assets/bwsprite/262.gif,
				Assets/bwsprite/263.gif,
				Assets/bwsprite/264.gif,
				Assets/bwsprite/265.gif,
				Assets/bwsprite/266.gif,
				Assets/bwsprite/267.gif,
				Assets/bwsprite/268.gif,
				Assets/bwsprite/269.gif,
				Assets/bwsprite/270.gif,
				Assets/bwsprite/271.gif,
				Assets/bwsprite/272.gif,
				Assets/bwsprite/273.gif,
				Assets/bwsprite/274.gif,
				Assets/bwsprite/275.gif,
				Assets/bwsprite/276.gif,
				Assets/bwsprite/277.gif,
				Assets/bwsprite/278.gif,
				Assets/bwsprite/279.gif,
				Assets/bwsprite/280.gif,
				Assets/bwsprite/281.gif,
				Assets/bwsprite/282.gif,
				Assets/bwsprite/283.gif,
				Assets/bwsprite/284.gif,
				Assets/bwsprite/285.gif,
				Assets/bwsprite/286.gif,
				Assets/bwsprite/287.gif,
				Assets/bwsprite/288.gif,
				Assets/bwsprite/289.gif,
				Assets/bwsprite/290.gif,
				Assets/bwsprite/291.gif,
				Assets/bwsprite/292.gif,
				Assets/bwsprite/293.gif,
				Assets/bwsprite/294.gif,
				Assets/bwsprite/295.gif,
				Assets/bwsprite/296.gif,
				Assets/bwsprite/297.gif,
				Assets/bwsprite/298.gif,
				Assets/bwsprite/299.gif,
				Assets/bwsprite/300.gif,
				Assets/bwsprite/301.gif,
				Assets/bwsprite/302.gif,
				Assets/bwsprite/303.gif,
				Assets/bwsprite/304.gif,
				Assets/bwsprite/305.gif,
				Assets/bwsprite/306.gif,
				Assets/bwsprite/307.gif,
				Assets/bwsprite/308.gif,
				Assets/bwsprite/309.gif,
				Assets/bwsprite/310.gif,
				Assets/bwsprite/311.gif,
				Assets/bwsprite/312.gif,
				Assets/bwsprite/313.gif,
				Assets/bwsprite/314.gif,
				Assets/bwsprite/315.gif,
				Assets/bwsprite/316.gif,
				Assets/bwsprite/317.gif,
				Assets/bwsprite/318.gif,
				Assets/bwsprite/319.gif,
				Assets/bwsprite/320.gif,
				Assets/bwsprite/321.gif,
				Assets/bwsprite/322.gif,
				Assets/bwsprite/323.gif,
				Assets/bwsprite/324.gif,
				Assets/bwsprite/325.gif,
				Assets/bwsprite/326.gif,
				Assets/bwsprite/327.gif,
				Assets/bwsprite/328.gif,
				Assets/bwsprite/329.gif,
				Assets/bwsprite/330.gif,
				Assets/bwsprite/331.gif,
				Assets/bwsprite/332.gif,
				Assets/bwsprite/333.gif,
				Assets/bwsprite/334.gif,
				Assets/bwsprite/335.gif,
				Assets/bwsprite/336.gif,
				Assets/bwsprite/337.gif,
				Assets/bwsprite/338.gif,
				Assets/bwsprite/339.gif,
				Assets/bwsprite/340.gif,
				Assets/bwsprite/341.gif,
				Assets/bwsprite/342.gif,
				Assets/bwsprite/343.gif,
				Assets/bwsprite/344.gif,
				Assets/bwsprite/345.gif,
				Assets/bwsprite/346.gif,
				Assets/bwsprite/347.gif,
				Assets/bwsprite/348.gif,
				Assets/bwsprite/349.gif,
				Assets/bwsprite/350.gif,
				Assets/bwsprite/351_f.gif,
				Assets/bwsprite/351_i.gif,
				Assets/bwsprite/351_w.gif,
				Assets/bwsprite/351.gif,
				Assets/bwsprite/352.gif,
				Assets/bwsprite/353.gif,
				Assets/bwsprite/354.gif,
				Assets/bwsprite/355.gif,
				Assets/bwsprite/356.gif,
				Assets/bwsprite/357.gif,
				Assets/bwsprite/358.gif,
				Assets/bwsprite/359.gif,
				Assets/bwsprite/360.gif,
				Assets/bwsprite/361.gif,
				Assets/bwsprite/362.gif,
				Assets/bwsprite/363.gif,
				Assets/bwsprite/364.gif,
				Assets/bwsprite/365.gif,
				Assets/bwsprite/366.gif,
				Assets/bwsprite/367.gif,
				Assets/bwsprite/368.gif,
				Assets/bwsprite/369.gif,
				Assets/bwsprite/370.gif,
				Assets/bwsprite/371.gif,
				Assets/bwsprite/372.gif,
				Assets/bwsprite/373.gif,
				Assets/bwsprite/374.gif,
				Assets/bwsprite/375.gif,
				Assets/bwsprite/376.gif,
				Assets/bwsprite/377.gif,
				Assets/bwsprite/378.gif,
				Assets/bwsprite/379.gif,
				Assets/bwsprite/380.gif,
				Assets/bwsprite/381.gif,
				Assets/bwsprite/382.gif,
				Assets/bwsprite/383.gif,
				Assets/bwsprite/384.gif,
				Assets/bwsprite/385.gif,
				Assets/bwsprite/386_a.gif,
				Assets/bwsprite/386_d.gif,
				Assets/bwsprite/386_s.gif,
				Assets/bwsprite/386.gif,
				Assets/bwsprite/387.gif,
				Assets/bwsprite/388.gif,
				Assets/bwsprite/389.gif,
				Assets/bwsprite/390.gif,
				Assets/bwsprite/391.gif,
				Assets/bwsprite/392.gif,
				Assets/bwsprite/393.gif,
				Assets/bwsprite/394.gif,
				Assets/bwsprite/395.gif,
				Assets/bwsprite/396.gif,
				Assets/bwsprite/397.gif,
				Assets/bwsprite/398.gif,
				Assets/bwsprite/399.gif,
				Assets/bwsprite/400.gif,
				Assets/bwsprite/401.gif,
				Assets/bwsprite/402.gif,
				Assets/bwsprite/403.gif,
				Assets/bwsprite/404.gif,
				Assets/bwsprite/405.gif,
				Assets/bwsprite/406.gif,
				Assets/bwsprite/407.gif,
				Assets/bwsprite/408.gif,
				Assets/bwsprite/409.gif,
				Assets/bwsprite/410.gif,
				Assets/bwsprite/411.gif,
				Assets/bwsprite/412_g.gif,
				Assets/bwsprite/412_s.gif,
				Assets/bwsprite/412.gif,
				Assets/bwsprite/413_g.gif,
				Assets/bwsprite/413_s.gif,
				Assets/bwsprite/413.gif,
				Assets/bwsprite/414.gif,
				Assets/bwsprite/415.gif,
				Assets/bwsprite/416.gif,
				Assets/bwsprite/417.gif,
				Assets/bwsprite/418.gif,
				Assets/bwsprite/419.gif,
				Assets/bwsprite/420.gif,
				Assets/bwsprite/421.gif,
				Assets/bwsprite/422_e.gif,
				Assets/bwsprite/422.gif,
				Assets/bwsprite/423_e.gif,
				Assets/bwsprite/423.gif,
				Assets/bwsprite/424.gif,
				Assets/bwsprite/425.gif,
				Assets/bwsprite/426.gif,
				Assets/bwsprite/427.gif,
				Assets/bwsprite/428.gif,
				Assets/bwsprite/429.gif,
				Assets/bwsprite/430.gif,
				Assets/bwsprite/431.gif,
				Assets/bwsprite/432.gif,
				Assets/bwsprite/433.gif,
				Assets/bwsprite/434.gif,
				Assets/bwsprite/435.gif,
				Assets/bwsprite/436.gif,
				Assets/bwsprite/437.gif,
				Assets/bwsprite/438.gif,
				Assets/bwsprite/439.gif,
				Assets/bwsprite/440.gif,
				Assets/bwsprite/441.gif,
				Assets/bwsprite/442.gif,
				Assets/bwsprite/443.gif,
				Assets/bwsprite/444.gif,
				Assets/bwsprite/445.gif,
				Assets/bwsprite/446.gif,
				Assets/bwsprite/447.gif,
				Assets/bwsprite/448.gif,
				Assets/bwsprite/449_f.gif,
				Assets/bwsprite/449.gif,
				Assets/bwsprite/450_f.gif,
				Assets/bwsprite/450.gif,
				Assets/bwsprite/451.gif,
				Assets/bwsprite/452.gif,
				Assets/bwsprite/453.gif,
				Assets/bwsprite/454.gif,
				Assets/bwsprite/455.gif,
				Assets/bwsprite/456.gif,
				Assets/bwsprite/457.gif,
				Assets/bwsprite/458.gif,
				Assets/bwsprite/459_f.gif,
				Assets/bwsprite/459.gif,
				Assets/bwsprite/460.gif,
				Assets/bwsprite/461.gif,
				Assets/bwsprite/462.gif,
				Assets/bwsprite/463.gif,
				Assets/bwsprite/464.gif,
				Assets/bwsprite/465.gif,
				Assets/bwsprite/466.gif,
				Assets/bwsprite/467.gif,
				Assets/bwsprite/468.gif,
				Assets/bwsprite/469.gif,
				Assets/bwsprite/470.gif,
				Assets/bwsprite/471.gif,
				Assets/bwsprite/472.gif,
				Assets/bwsprite/473.gif,
				Assets/bwsprite/474.gif,
				Assets/bwsprite/475.gif,
				Assets/bwsprite/476.gif,
				Assets/bwsprite/477.gif,
				Assets/bwsprite/478.gif,
				"Assets/bwsprite/479-c.gif",
				"Assets/bwsprite/479-f.gif",
				"Assets/bwsprite/479-h.gif",
				"Assets/bwsprite/479-s.gif",
				"Assets/bwsprite/479-w.gif",
				Assets/bwsprite/479.gif,
				Assets/bwsprite/480.gif,
				Assets/bwsprite/481.gif,
				Assets/bwsprite/482.gif,
				Assets/bwsprite/483.gif,
				Assets/bwsprite/484.gif,
				Assets/bwsprite/485.gif,
				Assets/bwsprite/486.gif,
				Assets/bwsprite/487_o.gif,
				Assets/bwsprite/487.gif,
				Assets/bwsprite/488.gif,
				Assets/bwsprite/489.gif,
				Assets/bwsprite/490.gif,
				Assets/bwsprite/491.gif,
				Assets/bwsprite/492_s.gif,
				Assets/bwsprite/492.gif,
				Assets/bwsprite/493.gif,
				Assets/bwsprite/494.gif,
				Assets/bwsprite/495.gif,
				Assets/bwsprite/496.gif,
				Assets/bwsprite/497.gif,
				Assets/bwsprite/498.gif,
				Assets/bwsprite/499.gif,
				Assets/bwsprite/500.gif,
				Assets/bwsprite/501.gif,
				Assets/bwsprite/502.gif,
				Assets/bwsprite/503.gif,
				Assets/bwsprite/504.gif,
				Assets/bwsprite/505.gif,
				Assets/bwsprite/506.gif,
				Assets/bwsprite/507.gif,
				Assets/bwsprite/508.gif,
				Assets/bwsprite/509.gif,
				Assets/bwsprite/510.gif,
				Assets/bwsprite/511.gif,
				Assets/bwsprite/512.gif,
				Assets/bwsprite/513.gif,
				Assets/bwsprite/514.gif,
				Assets/bwsprite/515.gif,
				Assets/bwsprite/516.gif,
				Assets/bwsprite/517.gif,
				Assets/bwsprite/518.gif,
				Assets/bwsprite/519.gif,
				Assets/bwsprite/520.gif,
				Assets/bwsprite/521_f.gif,
				Assets/bwsprite/521.gif,
				Assets/bwsprite/522.gif,
				Assets/bwsprite/523.gif,
				Assets/bwsprite/524.gif,
				Assets/bwsprite/525.gif,
				Assets/bwsprite/526.gif,
				Assets/bwsprite/527.gif,
				Assets/bwsprite/528.gif,
				Assets/bwsprite/529.gif,
				Assets/bwsprite/530.gif,
				Assets/bwsprite/531.gif,
				Assets/bwsprite/532.gif,
				Assets/bwsprite/533.gif,
				Assets/bwsprite/534.gif,
				Assets/bwsprite/535.gif,
				Assets/bwsprite/536.gif,
				Assets/bwsprite/537.gif,
				Assets/bwsprite/538.gif,
				Assets/bwsprite/539.gif,
				Assets/bwsprite/540.gif,
				Assets/bwsprite/541.gif,
				Assets/bwsprite/542.gif,
				Assets/bwsprite/543.gif,
				Assets/bwsprite/544.gif,
				Assets/bwsprite/545.gif,
				Assets/bwsprite/546.gif,
				Assets/bwsprite/547.gif,
				Assets/bwsprite/548.gif,
				Assets/bwsprite/549.gif,
				Assets/bwsprite/550_b.gif,
				Assets/bwsprite/550.gif,
				Assets/bwsprite/551.gif,
				Assets/bwsprite/552.gif,
				Assets/bwsprite/553.gif,
				Assets/bwsprite/554.gif,
				"Assets/bwsprite/555-d.gif",
				Assets/bwsprite/555.gif,
				Assets/bwsprite/556.gif,
				Assets/bwsprite/557.gif,
				Assets/bwsprite/558.gif,
				Assets/bwsprite/559.gif,
				Assets/bwsprite/560.gif,
				Assets/bwsprite/561.gif,
				Assets/bwsprite/562.gif,
				Assets/bwsprite/563.gif,
				Assets/bwsprite/564.gif,
				Assets/bwsprite/565.gif,
				Assets/bwsprite/566.gif,
				Assets/bwsprite/567.gif,
				Assets/bwsprite/568.gif,
				Assets/bwsprite/569.gif,
				Assets/bwsprite/570.gif,
				Assets/bwsprite/571.gif,
				Assets/bwsprite/572.gif,
				Assets/bwsprite/573.gif,
				Assets/bwsprite/574.gif,
				Assets/bwsprite/575.gif,
				Assets/bwsprite/576.gif,
				Assets/bwsprite/577.gif,
				Assets/bwsprite/578.gif,
				Assets/bwsprite/579.gif,
				Assets/bwsprite/580.gif,
				Assets/bwsprite/581.gif,
				Assets/bwsprite/582.gif,
				Assets/bwsprite/583.gif,
				Assets/bwsprite/584.gif,
				Assets/bwsprite/585_a.gif,
				Assets/bwsprite/585_s.gif,
				Assets/bwsprite/585_w.gif,
				Assets/bwsprite/585.gif,
				Assets/bwsprite/586_a.gif,
				Assets/bwsprite/586_s.gif,
				Assets/bwsprite/586_w.gif,
				Assets/bwsprite/586.gif,
				Assets/bwsprite/587.gif,
				Assets/bwsprite/588.gif,
				Assets/bwsprite/589.gif,
				Assets/bwsprite/590.gif,
				Assets/bwsprite/591.gif,
				Assets/bwsprite/592_f.gif,
				Assets/bwsprite/592.gif,
				Assets/bwsprite/593_f.gif,
				Assets/bwsprite/593.gif,
				Assets/bwsprite/594.gif,
				Assets/bwsprite/595.gif,
				Assets/bwsprite/596.gif,
				Assets/bwsprite/597.gif,
				Assets/bwsprite/598.gif,
				Assets/bwsprite/599.gif,
				Assets/bwsprite/600.gif,
				Assets/bwsprite/601.gif,
				Assets/bwsprite/602.gif,
				Assets/bwsprite/603.gif,
				Assets/bwsprite/604.gif,
				Assets/bwsprite/605.gif,
				Assets/bwsprite/606.gif,
				Assets/bwsprite/607.gif,
				Assets/bwsprite/608.gif,
				Assets/bwsprite/609.gif,
				Assets/bwsprite/610.gif,
				Assets/bwsprite/611.gif,
				Assets/bwsprite/612.gif,
				Assets/bwsprite/613.gif,
				Assets/bwsprite/614.gif,
				Assets/bwsprite/615.gif,
				Assets/bwsprite/616.gif,
				Assets/bwsprite/617.gif,
				Assets/bwsprite/618.gif,
				Assets/bwsprite/619.gif,
				Assets/bwsprite/620.gif,
				Assets/bwsprite/621.gif,
				Assets/bwsprite/622.gif,
				Assets/bwsprite/623.gif,
				Assets/bwsprite/624.gif,
				Assets/bwsprite/625.gif,
				Assets/bwsprite/626.gif,
				Assets/bwsprite/627.gif,
				Assets/bwsprite/628.gif,
				Assets/bwsprite/629.gif,
				Assets/bwsprite/630.gif,
				Assets/bwsprite/631.gif,
				Assets/bwsprite/632.gif,
				Assets/bwsprite/633.gif,
				Assets/bwsprite/634.gif,
				Assets/bwsprite/635.gif,
				Assets/bwsprite/636.gif,
				Assets/bwsprite/637.gif,
				Assets/bwsprite/638.gif,
				Assets/bwsprite/639.gif,
				Assets/bwsprite/640.gif,
				Assets/bwsprite/641.gif,
				Assets/bwsprite/642.gif,
				Assets/bwsprite/643.gif,
				Assets/bwsprite/644.gif,
				Assets/bwsprite/645.gif,
				Assets/bwsprite/646.gif,
				Assets/bwsprite/647.gif,
				Assets/bwsprite/648_s.gif,
				Assets/bwsprite/648.gif,
				Assets/bwsprite/649.gif,
				Assets/pokedex.json,
			);
			target = 3BFDA9112DF63ABE0075265A /* pocketpalwidgetExtension */;
		};
		3BFDA9232DF63AC00075265A /* Exceptions for "pocketpalwidget" folder in "pocketpalwidgetExtension" target */ = {
			isa = PBXFileSystemSynchronizedBuildFileExceptionSet;
			membershipExceptions = (
				Info.plist,
			);
			target = 3BFDA9112DF63ABE0075265A /* pocketpalwidgetExtension */;
		};
/* End PBXFileSystemSynchronizedBuildFileExceptionSet section */

/* Begin PBXFileSystemSynchronizedRootGroup section */
		3BE265252DF66AE200D2FD39 /* bwsprite */ = {
			isa = PBXFileSystemSynchronizedRootGroup;
			name = bwsprite;
			path = pocketpal/Assets/bwsprite;
			sourceTree = "<group>";
		};
		3BFDA9022DF639970075265A /* pocketpal */ = {
			isa = PBXFileSystemSynchronizedRootGroup;
			exceptions = (
				3BE25E582DF6468F00D2FD39 /* Exceptions for "pocketpal" folder in "pocketpalwidgetExtension" target */,
			);
			path = pocketpal;
			sourceTree = "<group>";
		};
		3BFDA9182DF63ABF0075265A /* pocketpalwidget */ = {
			isa = PBXFileSystemSynchronizedRootGroup;
			exceptions = (
				3BFDA9232DF63AC00075265A /* Exceptions for "pocketpalwidget" folder in "pocketpalwidgetExtension" target */,
			);
			path = pocketpalwidget;
			sourceTree = "<group>";
		};
/* End PBXFileSystemSynchronizedRootGroup section */

/* Begin PBXFrameworksBuildPhase section */
		3BFDA8FD2DF639970075265A /* Frameworks */ = {
			isa = PBXFrameworksBuildPhase;
			buildActionMask = 2147483647;
			files = (
			);
			runOnlyForDeploymentPostprocessing = 0;
		};
		3BFDA90F2DF63ABE0075265A /* Frameworks */ = {
			isa = PBXFrameworksBuildPhase;
			buildActionMask = 2147483647;
			files = (
				3BFDA9172DF63ABF0075265A /* SwiftUI.framework in Frameworks */,
				3BFDA9152DF63ABF0075265A /* WidgetKit.framework in Frameworks */,
			);
			runOnlyForDeploymentPostprocessing = 0;
		};
/* End PBXFrameworksBuildPhase section */

/* Begin PBXGroup section */
		3BFDA8F72DF639970075265A = {
			isa = PBXGroup;
			children = (
				3BE265252DF66AE200D2FD39 /* bwsprite */,
				3BFDA9022DF639970075265A /* pocketpal */,
				3BFDA9182DF63ABF0075265A /* pocketpalwidget */,
				3BFDA9132DF63ABE0075265A /* Frameworks */,
				3BFDA9012DF639970075265A /* Products */,
			);
			sourceTree = "<group>";
		};
		3BFDA9012DF639970075265A /* Products */ = {
			isa = PBXGroup;
			children = (
				3BFDA9002DF639970075265A /* pocketpal.app */,
				3BFDA9122DF63ABE0075265A /* pocketpalwidgetExtension.appex */,
			);
			name = Products;
			sourceTree = "<group>";
		};
		3BFDA9132DF63ABE0075265A /* Frameworks */ = {
			isa = PBXGroup;
			children = (
				3BFDA9142DF63ABE0075265A /* WidgetKit.framework */,
				3BFDA9162DF63ABF0075265A /* SwiftUI.framework */,
			);
			name = Frameworks;
			sourceTree = "<group>";
		};
/* End PBXGroup section */

/* Begin PBXNativeTarget section */
		3BFDA8FF2DF639970075265A /* pocketpal */ = {
			isa = PBXNativeTarget;
			buildConfigurationList = 3BFDA90B2DF639980075265A /* Build configuration list for PBXNativeTarget "pocketpal" */;
			buildPhases = (
				3BFDA8FC2DF639970075265A /* Sources */,
				3BFDA8FD2DF639970075265A /* Frameworks */,
				3BFDA8FE2DF639970075265A /* Resources */,
				3BFDA9272DF63AC00075265A /* Embed Foundation Extensions */,
				3BE25D912DF6461E00D2FD39 /* Embed Frameworks */,
			);
			buildRules = (
			);
			dependencies = (
				3BFDA9212DF63AC00075265A /* PBXTargetDependency */,
			);
			fileSystemSynchronizedGroups = (
				3BE265252DF66AE200D2FD39 /* bwsprite */,
				3BFDA9022DF639970075265A /* pocketpal */,
			);
			name = pocketpal;
			packageProductDependencies = (
			);
			productName = pocketpal;
			productReference = 3BFDA9002DF639970075265A /* pocketpal.app */;
			productType = "com.apple.product-type.application";
		};
		3BFDA9112DF63ABE0075265A /* pocketpalwidgetExtension */ = {
			isa = PBXNativeTarget;
			buildConfigurationList = 3BFDA9242DF63AC00075265A /* Build configuration list for PBXNativeTarget "pocketpalwidgetExtension" */;
			buildPhases = (
				3BFDA90E2DF63ABE0075265A /* Sources */,
				3BFDA90F2DF63ABE0075265A /* Frameworks */,
				3BFDA9102DF63ABE0075265A /* Resources */,
			);
			buildRules = (
			);
			dependencies = (
			);
			fileSystemSynchronizedGroups = (
				3BE265252DF66AE200D2FD39 /* bwsprite */,
				3BFDA9182DF63ABF0075265A /* pocketpalwidget */,
			);
			name = pocketpalwidgetExtension;
			packageProductDependencies = (
			);
			productName = pocketpalwidgetExtension;
			productReference = 3BFDA9122DF63ABE0075265A /* pocketpalwidgetExtension.appex */;
			productType = "com.apple.product-type.app-extension";
		};
/* End PBXNativeTarget section */

/* Begin PBXProject section */
		3BFDA8F82DF639970075265A /* Project object */ = {
			isa = PBXProject;
			attributes = {
				BuildIndependentTargetsInParallel = 1;
				LastSwiftUpdateCheck = 1640;
				LastUpgradeCheck = 1640;
				TargetAttributes = {
					3BFDA8FF2DF639970075265A = {
						CreatedOnToolsVersion = 16.4;
					};
					3BFDA9112DF63ABE0075265A = {
						CreatedOnToolsVersion = 16.4;
					};
				};
			};
			buildConfigurationList = 3BFDA8FB2DF639970075265A /* Build configuration list for PBXProject "pocketpal" */;
			developmentRegion = en;
			hasScannedForEncodings = 0;
			knownRegions = (
				en,
				Base,
			);
			mainGroup = 3BFDA8F72DF639970075265A;
			minimizedProjectReferenceProxies = 1;
			preferredProjectObjectVersion = 77;
			productRefGroup = 3BFDA9012DF639970075265A /* Products */;
			projectDirPath = "";
			projectRoot = "";
			targets = (
				3BFDA8FF2DF639970075265A /* pocketpal */,
				3BFDA9112DF63ABE0075265A /* pocketpalwidgetExtension */,
			);
		};
/* End PBXProject section */

/* Begin PBXResourcesBuildPhase section */
		3BFDA8FE2DF639970075265A /* Resources */ = {
			isa = PBXResourcesBuildPhase;
			buildActionMask = 2147483647;
			files = (
			);
			runOnlyForDeploymentPostprocessing = 0;
		};
		3BFDA9102DF63ABE0075265A /* Resources */ = {
			isa = PBXResourcesBuildPhase;
			buildActionMask = 2147483647;
			files = (
			);
			runOnlyForDeploymentPostprocessing = 0;
		};
/* End PBXResourcesBuildPhase section */

/* Begin PBXSourcesBuildPhase section */
		3BFDA8FC2DF639970075265A /* Sources */ = {
			isa = PBXSourcesBuildPhase;
			buildActionMask = 2147483647;
			files = (
			);
			runOnlyForDeploymentPostprocessing = 0;
		};
		3BFDA90E2DF63ABE0075265A /* Sources */ = {
			isa = PBXSourcesBuildPhase;
			buildActionMask = 2147483647;
			files = (
			);
			runOnlyForDeploymentPostprocessing = 0;
		};
/* End PBXSourcesBuildPhase section */

/* Begin PBXTargetDependency section */
		3BFDA9212DF63AC00075265A /* PBXTargetDependency */ = {
			isa = PBXTargetDependency;
			target = 3BFDA9112DF63ABE0075265A /* pocketpalwidgetExtension */;
			targetProxy = 3BFDA9202DF63AC00075265A /* PBXContainerItemProxy */;
		};
/* End PBXTargetDependency section */

/* Begin XCBuildConfiguration section */
		3BFDA9092DF639980075265A /* Debug */ = {
			isa = XCBuildConfiguration;
			buildSettings = {
				ALWAYS_SEARCH_USER_PATHS = NO;
				ASSETCATALOG_COMPILER_GENERATE_SWIFT_ASSET_SYMBOL_EXTENSIONS = YES;
				CLANG_ANALYZER_NONNULL = YES;
				CLANG_ANALYZER_NUMBER_OBJECT_CONVERSION = YES_AGGRESSIVE;
				CLANG_CXX_LANGUAGE_STANDARD = "gnu++20";
				CLANG_ENABLE_MODULES = YES;
				CLANG_ENABLE_OBJC_ARC = YES;
				CLANG_ENABLE_OBJC_WEAK = YES;
				CLANG_WARN_BLOCK_CAPTURE_AUTORELEASING = YES;
				CLANG_WARN_BOOL_CONVERSION = YES;
				CLANG_WARN_COMMA = YES;
				CLANG_WARN_CONSTANT_CONVERSION = YES;
				CLANG_WARN_DEPRECATED_OBJC_IMPLEMENTATIONS = YES;
				CLANG_WARN_DIRECT_OBJC_ISA_USAGE = YES_ERROR;
				CLANG_WARN_DOCUMENTATION_COMMENTS = YES;
				CLANG_WARN_EMPTY_BODY = YES;
				CLANG_WARN_ENUM_CONVERSION = YES;
				CLANG_WARN_INFINITE_RECURSION = YES;
				CLANG_WARN_INT_CONVERSION = YES;
				CLANG_WARN_NON_LITERAL_NULL_CONVERSION = YES;
				CLANG_WARN_OBJC_IMPLICIT_RETAIN_SELF = YES;
				CLANG_WARN_OBJC_LITERAL_CONVERSION = YES;
				CLANG_WARN_OBJC_ROOT_CLASS = YES_ERROR;
				CLANG_WARN_QUOTED_INCLUDE_IN_FRAMEWORK_HEADER = YES;
				CLANG_WARN_RANGE_LOOP_ANALYSIS = YES;
				CLANG_WARN_STRICT_PROTOTYPES = YES;
				CLANG_WARN_SUSPICIOUS_MOVE = YES;
				CLANG_WARN_UNGUARDED_AVAILABILITY = YES_AGGRESSIVE;
				CLANG_WARN_UNREACHABLE_CODE = YES;
				CLANG_WARN__DUPLICATE_METHOD_MATCH = YES;
				COPY_PHASE_STRIP = NO;
				DEBUG_INFORMATION_FORMAT = dwarf;
				DEVELOPMENT_TEAM = VQC2CHC8H8;
				ENABLE_STRICT_OBJC_MSGSEND = YES;
				ENABLE_TESTABILITY = YES;
				ENABLE_USER_SCRIPT_SANDBOXING = YES;
				GCC_C_LANGUAGE_STANDARD = gnu17;
				GCC_DYNAMIC_NO_PIC = NO;
				GCC_NO_COMMON_BLOCKS = YES;
				GCC_OPTIMIZATION_LEVEL = 0;
				GCC_PREPROCESSOR_DEFINITIONS = (
					"DEBUG=1",
					"$(inherited)",
				);
				GCC_WARN_64_TO_32_BIT_CONVERSION = YES;
				GCC_WARN_ABOUT_RETURN_TYPE = YES_ERROR;
				GCC_WARN_UNDECLARED_SELECTOR = YES;
				GCC_WARN_UNINITIALIZED_AUTOS = YES_AGGRESSIVE;
				GCC_WARN_UNUSED_FUNCTION = YES;
				GCC_WARN_UNUSED_VARIABLE = YES;
				IPHONEOS_DEPLOYMENT_TARGET = 18.5;
				LOCALIZATION_PREFERS_STRING_CATALOGS = YES;
				MTL_ENABLE_DEBUG_INFO = INCLUDE_SOURCE;
				MTL_FAST_MATH = YES;
				ONLY_ACTIVE_ARCH = YES;
				SDKROOT = iphoneos;
				SWIFT_ACTIVE_COMPILATION_CONDITIONS = "DEBUG $(inherited)";
				SWIFT_OPTIMIZATION_LEVEL = "-Onone";
			};
			name = Debug;
		};
		3BFDA90A2DF639980075265A /* Release */ = {
			isa = XCBuildConfiguration;
			buildSettings = {
				ALWAYS_SEARCH_USER_PATHS = NO;
				ASSETCATALOG_COMPILER_GENERATE_SWIFT_ASSET_SYMBOL_EXTENSIONS = YES;
				CLANG_ANALYZER_NONNULL = YES;
				CLANG_ANALYZER_NUMBER_OBJECT_CONVERSION = YES_AGGRESSIVE;
				CLANG_CXX_LANGUAGE_STANDARD = "gnu++20";
				CLANG_ENABLE_MODULES = YES;
				CLANG_ENABLE_OBJC_ARC = YES;
				CLANG_ENABLE_OBJC_WEAK = YES;
				CLANG_WARN_BLOCK_CAPTURE_AUTORELEASING = YES;
				CLANG_WARN_BOOL_CONVERSION = YES;
				CLANG_WARN_COMMA = YES;
				CLANG_WARN_CONSTANT_CONVERSION = YES;
				CLANG_WARN_DEPRECATED_OBJC_IMPLEMENTATIONS = YES;
				CLANG_WARN_DIRECT_OBJC_ISA_USAGE = YES_ERROR;
				CLANG_WARN_DOCUMENTATION_COMMENTS = YES;
				CLANG_WARN_EMPTY_BODY = YES;
				CLANG_WARN_ENUM_CONVERSION = YES;
				CLANG_WARN_INFINITE_RECURSION = YES;
				CLANG_WARN_INT_CONVERSION = YES;
				CLANG_WARN_NON_LITERAL_NULL_CONVERSION = YES;
				CLANG_WARN_OBJC_IMPLICIT_RETAIN_SELF = YES;
				CLANG_WARN_OBJC_LITERAL_CONVERSION = YES;
				CLANG_WARN_OBJC_ROOT_CLASS = YES_ERROR;
				CLANG_WARN_QUOTED_INCLUDE_IN_FRAMEWORK_HEADER = YES;
				CLANG_WARN_RANGE_LOOP_ANALYSIS = YES;
				CLANG_WARN_STRICT_PROTOTYPES = YES;
				CLANG_WARN_SUSPICIOUS_MOVE = YES;
				CLANG_WARN_UNGUARDED_AVAILABILITY = YES_AGGRESSIVE;
				CLANG_WARN_UNREACHABLE_CODE = YES;
				CLANG_WARN__DUPLICATE_METHOD_MATCH = YES;
				COPY_PHASE_STRIP = NO;
				DEBUG_INFORMATION_FORMAT = "dwarf-with-dsym";
				DEVELOPMENT_TEAM = VQC2CHC8H8;
				ENABLE_NS_ASSERTIONS = NO;
				ENABLE_STRICT_OBJC_MSGSEND = YES;
				ENABLE_USER_SCRIPT_SANDBOXING = YES;
				GCC_C_LANGUAGE_STANDARD = gnu17;
				GCC_NO_COMMON_BLOCKS = YES;
				GCC_WARN_64_TO_32_BIT_CONVERSION = YES;
				GCC_WARN_ABOUT_RETURN_TYPE = YES_ERROR;
				GCC_WARN_UNDECLARED_SELECTOR = YES;
				GCC_WARN_UNINITIALIZED_AUTOS = YES_AGGRESSIVE;
				GCC_WARN_UNUSED_FUNCTION = YES;
				GCC_WARN_UNUSED_VARIABLE = YES;
				IPHONEOS_DEPLOYMENT_TARGET = 18.5;
				LOCALIZATION_PREFERS_STRING_CATALOGS = YES;
				MTL_ENABLE_DEBUG_INFO = NO;
				MTL_FAST_MATH = YES;
				SDKROOT = iphoneos;
				SWIFT_COMPILATION_MODE = wholemodule;
				VALIDATE_PRODUCT = YES;
			};
			name = Release;
		};
		3BFDA90C2DF639980075265A /* Debug */ = {
			isa = XCBuildConfiguration;
			buildSettings = {
				ASSETCATALOG_COMPILER_APPICON_NAME = AppIcon;
				ASSETCATALOG_COMPILER_GLOBAL_ACCENT_COLOR_NAME = AccentColor;
				CODE_SIGN_ENTITLEMENTS = pocketpal/pocketpal.entitlements;
				CODE_SIGN_STYLE = Automatic;
				CURRENT_PROJECT_VERSION = 1;
				DEVELOPMENT_TEAM = VQC2CHC8H8;
				ENABLE_PREVIEWS = YES;
				GENERATE_INFOPLIST_FILE = YES;
				INFOPLIST_KEY_UIApplicationSceneManifest_Generation = YES;
				INFOPLIST_KEY_UIApplicationSupportsIndirectInputEvents = YES;
				INFOPLIST_KEY_UILaunchScreen_Generation = YES;
				INFOPLIST_KEY_UISupportedInterfaceOrientations_iPad = "UIInterfaceOrientationPortrait UIInterfaceOrientationPortraitUpsideDown UIInterfaceOrientationLandscapeLeft UIInterfaceOrientationLandscapeRight";
				INFOPLIST_KEY_UISupportedInterfaceOrientations_iPhone = "UIInterfaceOrientationPortrait UIInterfaceOrientationLandscapeLeft UIInterfaceOrientationLandscapeRight";
				LD_RUNPATH_SEARCH_PATHS = (
					"$(inherited)",
					"@executable_path/Frameworks",
				);
				MARKETING_VERSION = 1.0;
				PRODUCT_BUNDLE_IDENTIFIER = com.vindennt.pocketpal;
				PRODUCT_NAME = "$(TARGET_NAME)";
				SWIFT_EMIT_LOC_STRINGS = YES;
				SWIFT_VERSION = 5.0;
				TARGETED_DEVICE_FAMILY = "1,2";
			};
			name = Debug;
		};
		3BFDA90D2DF639980075265A /* Release */ = {
			isa = XCBuildConfiguration;
			buildSettings = {
				ASSETCATALOG_COMPILER_APPICON_NAME = AppIcon;
				ASSETCATALOG_COMPILER_GLOBAL_ACCENT_COLOR_NAME = AccentColor;
				CODE_SIGN_ENTITLEMENTS = pocketpal/pocketpal.entitlements;
				CODE_SIGN_STYLE = Automatic;
				CURRENT_PROJECT_VERSION = 1;
				DEVELOPMENT_TEAM = VQC2CHC8H8;
				ENABLE_PREVIEWS = YES;
				GENERATE_INFOPLIST_FILE = YES;
				INFOPLIST_KEY_UIApplicationSceneManifest_Generation = YES;
				INFOPLIST_KEY_UIApplicationSupportsIndirectInputEvents = YES;
				INFOPLIST_KEY_UILaunchScreen_Generation = YES;
				INFOPLIST_KEY_UISupportedInterfaceOrientations_iPad = "UIInterfaceOrientationPortrait UIInterfaceOrientationPortraitUpsideDown UIInterfaceOrientationLandscapeLeft UIInterfaceOrientationLandscapeRight";
				INFOPLIST_KEY_UISupportedInterfaceOrientations_iPhone = "UIInterfaceOrientationPortrait UIInterfaceOrientationLandscapeLeft UIInterfaceOrientationLandscapeRight";
				LD_RUNPATH_SEARCH_PATHS = (
					"$(inherited)",
					"@executable_path/Frameworks",
				);
				MARKETING_VERSION = 1.0;
				PRODUCT_BUNDLE_IDENTIFIER = com.vindennt.pocketpal;
				PRODUCT_NAME = "$(TARGET_NAME)";
				SWIFT_EMIT_LOC_STRINGS = YES;
				SWIFT_VERSION = 5.0;
				TARGETED_DEVICE_FAMILY = "1,2";
			};
			name = Release;
		};
		3BFDA9252DF63AC00075265A /* Debug */ = {
			isa = XCBuildConfiguration;
			buildSettings = {
				ASSETCATALOG_COMPILER_GLOBAL_ACCENT_COLOR_NAME = AccentColor;
				ASSETCATALOG_COMPILER_WIDGET_BACKGROUND_COLOR_NAME = WidgetBackground;
				CODE_SIGN_ENTITLEMENTS = pocketpalwidgetExtension.entitlements;
				CODE_SIGN_STYLE = Automatic;
				CURRENT_PROJECT_VERSION = 1;
				DEVELOPMENT_TEAM = VQC2CHC8H8;
				GENERATE_INFOPLIST_FILE = YES;
				INFOPLIST_FILE = pocketpalwidget/Info.plist;
				INFOPLIST_KEY_CFBundleDisplayName = pocketpalwidget;
				INFOPLIST_KEY_NSHumanReadableCopyright = "";
				LD_RUNPATH_SEARCH_PATHS = (
					"$(inherited)",
					"@executable_path/Frameworks",
					"@executable_path/../../Frameworks",
				);
				MARKETING_VERSION = 1.0;
				PRODUCT_BUNDLE_IDENTIFIER = com.vindennt.pocketpal.pocketpalwidget;
				PRODUCT_NAME = "$(TARGET_NAME)";
				SKIP_INSTALL = YES;
				SWIFT_EMIT_LOC_STRINGS = YES;
				SWIFT_VERSION = 5.0;
				TARGETED_DEVICE_FAMILY = "1,2";
			};
			name = Debug;
		};
		3BFDA9262DF63AC00075265A /* Release */ = {
			isa = XCBuildConfiguration;
			buildSettings = {
				ASSETCATALOG_COMPILER_GLOBAL_ACCENT_COLOR_NAME = AccentColor;
				ASSETCATALOG_COMPILER_WIDGET_BACKGROUND_COLOR_NAME = WidgetBackground;
				CODE_SIGN_ENTITLEMENTS = pocketpalwidgetExtension.entitlements;
				CODE_SIGN_STYLE = Automatic;
				CURRENT_PROJECT_VERSION = 1;
				DEVELOPMENT_TEAM = VQC2CHC8H8;
				GENERATE_INFOPLIST_FILE = YES;
				INFOPLIST_FILE = pocketpalwidget/Info.plist;
				INFOPLIST_KEY_CFBundleDisplayName = pocketpalwidget;
				INFOPLIST_KEY_NSHumanReadableCopyright = "";
				LD_RUNPATH_SEARCH_PATHS = (
					"$(inherited)",
					"@executable_path/Frameworks",
					"@executable_path/../../Frameworks",
				);
				MARKETING_VERSION = 1.0;
				PRODUCT_BUNDLE_IDENTIFIER = com.vindennt.pocketpal.pocketpalwidget;
				PRODUCT_NAME = "$(TARGET_NAME)";
				SKIP_INSTALL = YES;
				SWIFT_EMIT_LOC_STRINGS = YES;
				SWIFT_VERSION = 5.0;
				TARGETED_DEVICE_FAMILY = "1,2";
			};
			name = Release;
		};
/* End XCBuildConfiguration section */

/* Begin XCConfigurationList section */
		3BFDA8FB2DF639970075265A /* Build configuration list for PBXProject "pocketpal" */ = {
			isa = XCConfigurationList;
			buildConfigurations = (
				3BFDA9092DF639980075265A /* Debug */,
				3BFDA90A2DF639980075265A /* Release */,
			);
			defaultConfigurationIsVisible = 0;
			defaultConfigurationName = Release;
		};
		3BFDA90B2DF639980075265A /* Build configuration list for PBXNativeTarget "pocketpal" */ = {
			isa = XCConfigurationList;
			buildConfigurations = (
				3BFDA90C2DF639980075265A /* Debug */,
				3BFDA90D2DF639980075265A /* Release */,
			);
			defaultConfigurationIsVisible = 0;
			defaultConfigurationName = Release;
		};
		3BFDA9242DF63AC00075265A /* Build configuration list for PBXNativeTarget "pocketpalwidgetExtension" */ = {
			isa = XCConfigurationList;
			buildConfigurations = (
				3BFDA9252DF63AC00075265A /* Debug */,
				3BFDA9262DF63AC00075265A /* Release */,
			);
			defaultConfigurationIsVisible = 0;
			defaultConfigurationName = Release;
		};
/* End XCConfigurationList section */
	};
	rootObject = 3BFDA8F82DF639970075265A /* Project object */;
}
