// !$*UTF8*$!
{
	archiveVersion = 1;
	classes = {
	};
	objectVersion = 77;
	objects = {

/* Begin PBXBuildFile section */
		3BFDA9152DF63ABF0075265A /* WidgetKit.framework in Frameworks */ = {isa = PBXBuildFile; fileRef = 3BFDA9142DF63ABE0075265A /* WidgetKit.framework */; };
		3BFDA9172DF63ABF0075265A /* SwiftUI.framework in Frameworks */ = {isa = PBXBuildFile; fileRef = 3BFDA9162DF63ABF0075265A /* SwiftUI.framework */; };
		3BFDA9222DF63AC00075265A /* pocketpalwidgetExtension.appex in Embed Foundation Extensions */ = {isa = PBXBuildFile; fileRef = 3BFDA9122DF63ABE0075265A /* pocketpalwidgetExtension.appex */; settings = {ATTRIBUTES = (RemoveHeadersOnCopy, ); }; };
/* End PBXBuildFile section */

/* Begin PBXContainerItemProxy section */
		3BFDA9202DF63AC00075265A /* PBXContainerItemProxy */ = {
			isa = PBXContainerItemProxy;
			containerPortal = 3BFDA8F82DF639970075265A /* Project object */;
			proxyType = 1;
			remoteGlobalIDString = 3BFDA9112DF63ABE0075265A;
			remoteInfo = pocketpalwidgetExtension;
		};
/* End PBXContainerItemProxy section */

/* Begin PBXCopyFilesBuildPhase section */
		3BE25D912DF6461E00D2FD39 /* Embed Frameworks */ = {
			isa = PBXCopyFilesBuildPhase;
			buildActionMask = 2147483647;
			dstPath = "";
			dstSubfolderSpec = 10;
			files = (
			);
			name = "Embed Frameworks";
			runOnlyForDeploymentPostprocessing = 0;
		};
		3BFDA9272DF63AC00075265A /* Embed Foundation Extensions */ = {
			isa = PBXCopyFilesBuildPhase;
			buildActionMask = 2147483647;
			dstPath = "";
			dstSubfolderSpec = 13;
			files = (
				3BFDA9222DF63AC00075265A /* pocketpalwidgetExtension.appex in Embed Foundation Extensions */,
			);
			name = "Embed Foundation Extensions";
			runOnlyForDeploymentPostprocessing = 0;
		};
/* End PBXCopyFilesBuildPhase section */

/* Begin PBXFileReference section */
		3BFDA9002DF639970075265A /* pocketpal.app */ = {isa = PBXFileReference; explicitFileType = wrapper.application; includeInIndex = 0; path = pocketpal.app; sourceTree = BUILT_PRODUCTS_DIR; };
		3BFDA9122DF63ABE0075265A /* pocketpalwidgetExtension.appex */ = {isa = PBXFileReference; explicitFileType = "wrapper.app-extension"; includeInIndex = 0; path = pocketpalwidgetExtension.appex; sourceTree = BUILT_PRODUCTS_DIR; };
		3BFDA9142DF63ABE0075265A /* WidgetKit.framework */ = {isa = PBXFileReference; lastKnownFileType = wrapper.framework; name = WidgetKit.framework; path = System/Library/Frameworks/WidgetKit.framework; sourceTree = SDKROOT; };
		3BFDA9162DF63ABF0075265A /* SwiftUI.framework */ = {isa = PBXFileReference; lastKnownFileType = wrapper.framework; name = SwiftUI.framework; path = System/Library/Frameworks/SwiftUI.framework; sourceTree = SDKROOT; };
/* End PBXFileReference section */

/* Begin PBXFileSystemSynchronizedBuildFileExceptionSet section */
		3BE25E582DF6468F00D2FD39 /* Exceptions for "pocketpal" folder in "pocketpalwidgetExtension" target */ = {
			isa = PBXFileSystemSynchronizedBuildFileExceptionSet;
			membershipExceptions = (
				Assets/bwsprite/001.gif,
				Assets/bwsprite/004.gif,
				Assets/bwsprite/007.gif,
				Assets/bwsprite/013.gif,
				Assets/bwsprite/015.gif,
				Assets/bwsprite/016.gif,
				Assets/bwsprite/017.gif,
				Assets/bwsprite/018.gif,
				Assets/bwsprite/019.gif,
				Assets/bwsprite/021.gif,
				Assets/bwsprite/022.gif,
				Assets/bwsprite/025.gif,
				Assets/bwsprite/029.gif,
				Assets/bwsprite/032.gif,
				Assets/bwsprite/039.gif,
				Assets/bwsprite/041.gif,
				Assets/bwsprite/042.gif,
				Assets/bwsprite/046.gif,
				Assets/bwsprite/047.gif,
				Assets/bwsprite/050.gif,
				Assets/bwsprite/051.gif,
				Assets/bwsprite/054.gif,
				Assets/bwsprite/055.gif,
				Assets/bwsprite/057.gif,
				Assets/bwsprite/060.gif,
				Assets/bwsprite/068.gif,
				Assets/bwsprite/069.gif,
				Assets/bwsprite/074.gif,
				Assets/bwsprite/077.gif,
				Assets/bwsprite/079.gif,
				Assets/bwsprite/081.gif,
				Assets/bwsprite/083.gif,
				Assets/bwsprite/086.gif,
				Assets/bwsprite/090.gif,
				Assets/bwsprite/093.gif,
				Assets/bwsprite/094.gif,
				Assets/bwsprite/098.gif,
				Assets/bwsprite/099.gif,
				Assets/bwsprite/100.gif,
				Assets/bwsprite/101.gif,
				Assets/bwsprite/102.gif,
				Assets/bwsprite/107.gif,
				Assets/bwsprite/109.gif,
				Assets/bwsprite/114.gif,
				Assets/bwsprite/116.gif,
				Assets/bwsprite/117.gif,
				Assets/bwsprite/120.gif,
				Assets/bwsprite/127.gif,
				Assets/bwsprite/128.gif,
				Assets/bwsprite/131.gif,
				Assets/bwsprite/132.gif,
				Assets/bwsprite/135.gif,
				Assets/bwsprite/138.gif,
				Assets/bwsprite/141.gif,
				Assets/bwsprite/142.gif,
				Assets/bwsprite/145.gif,
				Assets/bwsprite/151.gif,
				Assets/bwsprite/158.gif,
				Assets/bwsprite/161.gif,
				Assets/bwsprite/167.gif,
				Assets/bwsprite/168.gif,
				Assets/bwsprite/169.gif,
				Assets/bwsprite/172.gif,
				Assets/bwsprite/173.gif,
				Assets/bwsprite/174.gif,
				Assets/bwsprite/175.gif,
				Assets/bwsprite/176.gif,
				Assets/bwsprite/177.gif,
				Assets/bwsprite/179.gif,
				Assets/bwsprite/181.gif,
				Assets/bwsprite/182.gif,
				Assets/bwsprite/187.gif,
				Assets/bwsprite/188.gif,
				Assets/bwsprite/189.gif,
				Assets/bwsprite/190.gif,
				Assets/bwsprite/191.gif,
				Assets/bwsprite/193.gif,
				Assets/bwsprite/194.gif,
				Assets/bwsprite/195.gif,
				Assets/bwsprite/197.gif,
				Assets/bwsprite/198.gif,
				Assets/bwsprite/200.gif,
				Assets/bwsprite/201.gif,
				Assets/bwsprite/204.gif,
				Assets/bwsprite/207.gif,
				Assets/bwsprite/208_f.gif,
				Assets/bwsprite/209.gif,
				Assets/bwsprite/211.gif,
				Assets/bwsprite/213.gif,
				Assets/bwsprite/214.gif,
				Assets/bwsprite/216.gif,
				Assets/bwsprite/218.gif,
				Assets/bwsprite/219.gif,
				Assets/bwsprite/220.gif,
				Assets/bwsprite/223.gif,
				Assets/bwsprite/224.gif,
				Assets/bwsprite/228.gif,
				Assets/bwsprite/233.gif,
				Assets/bwsprite/238.gif,
				Assets/bwsprite/240.gif,
				Assets/bwsprite/246.gif,
				Assets/bwsprite/247.gif,
				Assets/bwsprite/252.gif,
				Assets/bwsprite/261.gif,
				Assets/bwsprite/265.gif,
				Assets/bwsprite/266.gif,
				Assets/bwsprite/268.gif,
				Assets/bwsprite/270.gif,
				Assets/bwsprite/280.gif,
				Assets/bwsprite/283.gif,
				Assets/bwsprite/285.gif,
				Assets/bwsprite/286.gif,
				Assets/bwsprite/287.gif,
				Assets/bwsprite/290.gif,
				Assets/bwsprite/291.gif,
				Assets/bwsprite/292.gif,
				Assets/bwsprite/293.gif,
				Assets/bwsprite/299.gif,
				Assets/bwsprite/304.gif,
				Assets/bwsprite/309.gif,
				Assets/bwsprite/310.gif,
				Assets/bwsprite/313.gif,
				Assets/bwsprite/314.gif,
				Assets/bwsprite/316.gif,
				Assets/bwsprite/318.gif,
				Assets/bwsprite/322.gif,
				Assets/bwsprite/325.gif,
				Assets/bwsprite/327.gif,
				Assets/bwsprite/328.gif,
				Assets/bwsprite/331.gif,
				Assets/bwsprite/333.gif,
				Assets/bwsprite/339.gif,
				Assets/bwsprite/343.gif,
				Assets/bwsprite/345.gif,
				Assets/bwsprite/351.gif,
				Assets/bwsprite/353.gif,
				Assets/bwsprite/355.gif,
				Assets/bwsprite/360.gif,
				Assets/bwsprite/361.gif,
				Assets/bwsprite/363.gif,
				Assets/bwsprite/370.gif,
				Assets/bwsprite/371.gif,
				Assets/bwsprite/374.gif,
				Assets/bwsprite/387.gif,
				Assets/bwsprite/393.gif,
				Assets/bwsprite/396.gif,
				Assets/bwsprite/397.gif,
				Assets/bwsprite/399.gif,
				Assets/bwsprite/406.gif,
				Assets/bwsprite/414.gif,
				Assets/bwsprite/426.gif,
				Assets/bwsprite/429.gif,
				Assets/bwsprite/433.gif,
				Assets/bwsprite/434.gif,
				Assets/bwsprite/436.gif,
				Assets/bwsprite/440.gif,
				Assets/bwsprite/447.gif,
				Assets/bwsprite/457.gif,
				Assets/bwsprite/458.gif,
				Assets/bwsprite/474.gif,
				"Assets/bwsprite/479-c.gif",
				Assets/bwsprite/519.gif,
				Assets/bwsprite/522.gif,
				Assets/bwsprite/532.gif,
				Assets/bwsprite/548.gif,
				Assets/bwsprite/557.gif,
				Assets/bwsprite/559.gif,
				Assets/bwsprite/574.gif,
				Assets/bwsprite/577.gif,
				Assets/bwsprite/585.gif,
				Assets/bwsprite/595.gif,
				Assets/bwsprite/596.gif,
				Assets/bwsprite/599.gif,
				Assets/bwsprite/600.gif,
				Assets/bwsprite/607.gif,
				Assets/bwsprite/608.gif,
				Assets/bwsprite/613.gif,
				Assets/bwsprite/628.gif,
				Assets/pokedex.json,
			);
			target = 3BFDA9112DF63ABE0075265A /* pocketpalwidgetExtension */;
		};
		3BFDA9232DF63AC00075265A /* Exceptions for "pocketpalwidget" folder in "pocketpalwidgetExtension" target */ = {
			isa = PBXFileSystemSynchronizedBuildFileExceptionSet;
			membershipExceptions = (
				Info.plist,
			);
			target = 3BFDA9112DF63ABE0075265A /* pocketpalwidgetExtension */;
		};
/* End PBXFileSystemSynchronizedBuildFileExceptionSet section */

/* Begin PBXFileSystemSynchronizedRootGroup section */
		3BFDA9022DF639970075265A /* pocketpal */ = {
			isa = PBXFileSystemSynchronizedRootGroup;
			exceptions = (
				3BE25E582DF6468F00D2FD39 /* Exceptions for "pocketpal" folder in "pocketpalwidgetExtension" target */,
			);
			path = pocketpal;
			sourceTree = "<group>";
		};
		3BFDA9182DF63ABF0075265A /* pocketpalwidget */ = {
			isa = PBXFileSystemSynchronizedRootGroup;
			exceptions = (
				3BFDA9232DF63AC00075265A /* Exceptions for "pocketpalwidget" folder in "pocketpalwidgetExtension" target */,
			);
			path = pocketpalwidget;
			sourceTree = "<group>";
		};
/* End PBXFileSystemSynchronizedRootGroup section */

/* Begin PBXFrameworksBuildPhase section */
		3BFDA8FD2DF639970075265A /* Frameworks */ = {
			isa = PBXFrameworksBuildPhase;
			buildActionMask = 2147483647;
			files = (
			);
			runOnlyForDeploymentPostprocessing = 0;
		};
		3BFDA90F2DF63ABE0075265A /* Frameworks */ = {
			isa = PBXFrameworksBuildPhase;
			buildActionMask = 2147483647;
			files = (
				3BFDA9172DF63ABF0075265A /* SwiftUI.framework in Frameworks */,
				3BFDA9152DF63ABF0075265A /* WidgetKit.framework in Frameworks */,
			);
			runOnlyForDeploymentPostprocessing = 0;
		};
/* End PBXFrameworksBuildPhase section */

/* Begin PBXGroup section */
		3BFDA8F72DF639970075265A = {
			isa = PBXGroup;
			children = (
				3BFDA9022DF639970075265A /* pocketpal */,
				3BFDA9182DF63ABF0075265A /* pocketpalwidget */,
				3BFDA9132DF63ABE0075265A /* Frameworks */,
				3BFDA9012DF639970075265A /* Products */,
			);
			sourceTree = "<group>";
		};
		3BFDA9012DF639970075265A /* Products */ = {
			isa = PBXGroup;
			children = (
				3BFDA9002DF639970075265A /* pocketpal.app */,
				3BFDA9122DF63ABE0075265A /* pocketpalwidgetExtension.appex */,
			);
			name = Products;
			sourceTree = "<group>";
		};
		3BFDA9132DF63ABE0075265A /* Frameworks */ = {
			isa = PBXGroup;
			children = (
				3BFDA9142DF63ABE0075265A /* WidgetKit.framework */,
				3BFDA9162DF63ABF0075265A /* SwiftUI.framework */,
			);
			name = Frameworks;
			sourceTree = "<group>";
		};
/* End PBXGroup section */

/* Begin PBXNativeTarget section */
		3BFDA8FF2DF639970075265A /* pocketpal */ = {
			isa = PBXNativeTarget;
			buildConfigurationList = 3BFDA90B2DF639980075265A /* Build configuration list for PBXNativeTarget "pocketpal" */;
			buildPhases = (
				3BFDA8FC2DF639970075265A /* Sources */,
				3BFDA8FD2DF639970075265A /* Frameworks */,
				3BFDA8FE2DF639970075265A /* Resources */,
				3BFDA9272DF63AC00075265A /* Embed Foundation Extensions */,
				3BE25D912DF6461E00D2FD39 /* Embed Frameworks */,
			);
			buildRules = (
			);
			dependencies = (
				3BFDA9212DF63AC00075265A /* PBXTargetDependency */,
			);
			fileSystemSynchronizedGroups = (
				3BFDA9022DF639970075265A /* pocketpal */,
			);
			name = pocketpal;
			packageProductDependencies = (
			);
			productName = pocketpal;
			productReference = 3BFDA9002DF639970075265A /* pocketpal.app */;
			productType = "com.apple.product-type.application";
		};
		3BFDA9112DF63ABE0075265A /* pocketpalwidgetExtension */ = {
			isa = PBXNativeTarget;
			buildConfigurationList = 3BFDA9242DF63AC00075265A /* Build configuration list for PBXNativeTarget "pocketpalwidgetExtension" */;
			buildPhases = (
				3BFDA90E2DF63ABE0075265A /* Sources */,
				3BFDA90F2DF63ABE0075265A /* Frameworks */,
				3BFDA9102DF63ABE0075265A /* Resources */,
			);
			buildRules = (
			);
			dependencies = (
			);
			fileSystemSynchronizedGroups = (
				3BFDA9182DF63ABF0075265A /* pocketpalwidget */,
			);
			name = pocketpalwidgetExtension;
			packageProductDependencies = (
			);
			productName = pocketpalwidgetExtension;
			productReference = 3BFDA9122DF63ABE0075265A /* pocketpalwidgetExtension.appex */;
			productType = "com.apple.product-type.app-extension";
		};
/* End PBXNativeTarget section */

/* Begin PBXProject section */
		3BFDA8F82DF639970075265A /* Project object */ = {
			isa = PBXProject;
			attributes = {
				BuildIndependentTargetsInParallel = 1;
				LastSwiftUpdateCheck = 1640;
				LastUpgradeCheck = 1640;
				TargetAttributes = {
					3BFDA8FF2DF639970075265A = {
						CreatedOnToolsVersion = 16.4;
					};
					3BFDA9112DF63ABE0075265A = {
						CreatedOnToolsVersion = 16.4;
					};
				};
			};
			buildConfigurationList = 3BFDA8FB2DF639970075265A /* Build configuration list for PBXProject "pocketpal" */;
			developmentRegion = en;
			hasScannedForEncodings = 0;
			knownRegions = (
				en,
				Base,
			);
			mainGroup = 3BFDA8F72DF639970075265A;
			minimizedProjectReferenceProxies = 1;
			preferredProjectObjectVersion = 77;
			productRefGroup = 3BFDA9012DF639970075265A /* Products */;
			projectDirPath = "";
			projectRoot = "";
			targets = (
				3BFDA8FF2DF639970075265A /* pocketpal */,
				3BFDA9112DF63ABE0075265A /* pocketpalwidgetExtension */,
			);
		};
/* End PBXProject section */

/* Begin PBXResourcesBuildPhase section */
		3BFDA8FE2DF639970075265A /* Resources */ = {
			isa = PBXResourcesBuildPhase;
			buildActionMask = 2147483647;
			files = (
			);
			runOnlyForDeploymentPostprocessing = 0;
		};
		3BFDA9102DF63ABE0075265A /* Resources */ = {
			isa = PBXResourcesBuildPhase;
			buildActionMask = 2147483647;
			files = (
			);
			runOnlyForDeploymentPostprocessing = 0;
		};
/* End PBXResourcesBuildPhase section */

/* Begin PBXSourcesBuildPhase section */
		3BFDA8FC2DF639970075265A /* Sources */ = {
			isa = PBXSourcesBuildPhase;
			buildActionMask = 2147483647;
			files = (
			);
			runOnlyForDeploymentPostprocessing = 0;
		};
		3BFDA90E2DF63ABE0075265A /* Sources */ = {
			isa = PBXSourcesBuildPhase;
			buildActionMask = 2147483647;
			files = (
			);
			runOnlyForDeploymentPostprocessing = 0;
		};
/* End PBXSourcesBuildPhase section */

/* Begin PBXTargetDependency section */
		3BFDA9212DF63AC00075265A /* PBXTargetDependency */ = {
			isa = PBXTargetDependency;
			target = 3BFDA9112DF63ABE0075265A /* pocketpalwidgetExtension */;
			targetProxy = 3BFDA9202DF63AC00075265A /* PBXContainerItemProxy */;
		};
/* End PBXTargetDependency section */

/* Begin XCBuildConfiguration section */
		3BFDA9092DF639980075265A /* Debug */ = {
			isa = XCBuildConfiguration;
			buildSettings = {
				ALWAYS_SEARCH_USER_PATHS = NO;
				ASSETCATALOG_COMPILER_GENERATE_SWIFT_ASSET_SYMBOL_EXTENSIONS = YES;
				CLANG_ANALYZER_NONNULL = YES;
				CLANG_ANALYZER_NUMBER_OBJECT_CONVERSION = YES_AGGRESSIVE;
				CLANG_CXX_LANGUAGE_STANDARD = "gnu++20";
				CLANG_ENABLE_MODULES = YES;
				CLANG_ENABLE_OBJC_ARC = YES;
				CLANG_ENABLE_OBJC_WEAK = YES;
				CLANG_WARN_BLOCK_CAPTURE_AUTORELEASING = YES;
				CLANG_WARN_BOOL_CONVERSION = YES;
				CLANG_WARN_COMMA = YES;
				CLANG_WARN_CONSTANT_CONVERSION = YES;
				CLANG_WARN_DEPRECATED_OBJC_IMPLEMENTATIONS = YES;
				CLANG_WARN_DIRECT_OBJC_ISA_USAGE = YES_ERROR;
				CLANG_WARN_DOCUMENTATION_COMMENTS = YES;
				CLANG_WARN_EMPTY_BODY = YES;
				CLANG_WARN_ENUM_CONVERSION = YES;
				CLANG_WARN_INFINITE_RECURSION = YES;
				CLANG_WARN_INT_CONVERSION = YES;
				CLANG_WARN_NON_LITERAL_NULL_CONVERSION = YES;
				CLANG_WARN_OBJC_IMPLICIT_RETAIN_SELF = YES;
				CLANG_WARN_OBJC_LITERAL_CONVERSION = YES;
				CLANG_WARN_OBJC_ROOT_CLASS = YES_ERROR;
				CLANG_WARN_QUOTED_INCLUDE_IN_FRAMEWORK_HEADER = YES;
				CLANG_WARN_RANGE_LOOP_ANALYSIS = YES;
				CLANG_WARN_STRICT_PROTOTYPES = YES;
				CLANG_WARN_SUSPICIOUS_MOVE = YES;
				CLANG_WARN_UNGUARDED_AVAILABILITY = YES_AGGRESSIVE;
				CLANG_WARN_UNREACHABLE_CODE = YES;
				CLANG_WARN__DUPLICATE_METHOD_MATCH = YES;
				COPY_PHASE_STRIP = NO;
				DEBUG_INFORMATION_FORMAT = dwarf;
				DEVELOPMENT_TEAM = VQC2CHC8H8;
				ENABLE_STRICT_OBJC_MSGSEND = YES;
				ENABLE_TESTABILITY = YES;
				ENABLE_USER_SCRIPT_SANDBOXING = YES;
				GCC_C_LANGUAGE_STANDARD = gnu17;
				GCC_DYNAMIC_NO_PIC = NO;
				GCC_NO_COMMON_BLOCKS = YES;
				GCC_OPTIMIZATION_LEVEL = 0;
				GCC_PREPROCESSOR_DEFINITIONS = (
					"DEBUG=1",
					"$(inherited)",
				);
				GCC_WARN_64_TO_32_BIT_CONVERSION = YES;
				GCC_WARN_ABOUT_RETURN_TYPE = YES_ERROR;
				GCC_WARN_UNDECLARED_SELECTOR = YES;
				GCC_WARN_UNINITIALIZED_AUTOS = YES_AGGRESSIVE;
				GCC_WARN_UNUSED_FUNCTION = YES;
				GCC_WARN_UNUSED_VARIABLE = YES;
				IPHONEOS_DEPLOYMENT_TARGET = 18.5;
				LOCALIZATION_PREFERS_STRING_CATALOGS = YES;
				MTL_ENABLE_DEBUG_INFO = INCLUDE_SOURCE;
				MTL_FAST_MATH = YES;
				ONLY_ACTIVE_ARCH = YES;
				SDKROOT = iphoneos;
				SWIFT_ACTIVE_COMPILATION_CONDITIONS = "DEBUG $(inherited)";
				SWIFT_OPTIMIZATION_LEVEL = "-Onone";
			};
			name = Debug;
		};
		3BFDA90A2DF639980075265A /* Release */ = {
			isa = XCBuildConfiguration;
			buildSettings = {
				ALWAYS_SEARCH_USER_PATHS = NO;
				ASSETCATALOG_COMPILER_GENERATE_SWIFT_ASSET_SYMBOL_EXTENSIONS = YES;
				CLANG_ANALYZER_NONNULL = YES;
				CLANG_ANALYZER_NUMBER_OBJECT_CONVERSION = YES_AGGRESSIVE;
				CLANG_CXX_LANGUAGE_STANDARD = "gnu++20";
				CLANG_ENABLE_MODULES = YES;
				CLANG_ENABLE_OBJC_ARC = YES;
				CLANG_ENABLE_OBJC_WEAK = YES;
				CLANG_WARN_BLOCK_CAPTURE_AUTORELEASING = YES;
				CLANG_WARN_BOOL_CONVERSION = YES;
				CLANG_WARN_COMMA = YES;
				CLANG_WARN_CONSTANT_CONVERSION = YES;
				CLANG_WARN_DEPRECATED_OBJC_IMPLEMENTATIONS = YES;
				CLANG_WARN_DIRECT_OBJC_ISA_USAGE = YES_ERROR;
				CLANG_WARN_DOCUMENTATION_COMMENTS = YES;
				CLANG_WARN_EMPTY_BODY = YES;
				CLANG_WARN_ENUM_CONVERSION = YES;
				CLANG_WARN_INFINITE_RECURSION = YES;
				CLANG_WARN_INT_CONVERSION = YES;
				CLANG_WARN_NON_LITERAL_NULL_CONVERSION = YES;
				CLANG_WARN_OBJC_IMPLICIT_RETAIN_SELF = YES;
				CLANG_WARN_OBJC_LITERAL_CONVERSION = YES;
				CLANG_WARN_OBJC_ROOT_CLASS = YES_ERROR;
				CLANG_WARN_QUOTED_INCLUDE_IN_FRAMEWORK_HEADER = YES;
				CLANG_WARN_RANGE_LOOP_ANALYSIS = YES;
				CLANG_WARN_STRICT_PROTOTYPES = YES;
				CLANG_WARN_SUSPICIOUS_MOVE = YES;
				CLANG_WARN_UNGUARDED_AVAILABILITY = YES_AGGRESSIVE;
				CLANG_WARN_UNREACHABLE_CODE = YES;
				CLANG_WARN__DUPLICATE_METHOD_MATCH = YES;
				COPY_PHASE_STRIP = NO;
				DEBUG_INFORMATION_FORMAT = "dwarf-with-dsym";
				DEVELOPMENT_TEAM = VQC2CHC8H8;
				ENABLE_NS_ASSERTIONS = NO;
				ENABLE_STRICT_OBJC_MSGSEND = YES;
				ENABLE_USER_SCRIPT_SANDBOXING = YES;
				GCC_C_LANGUAGE_STANDARD = gnu17;
				GCC_NO_COMMON_BLOCKS = YES;
				GCC_WARN_64_TO_32_BIT_CONVERSION = YES;
				GCC_WARN_ABOUT_RETURN_TYPE = YES_ERROR;
				GCC_WARN_UNDECLARED_SELECTOR = YES;
				GCC_WARN_UNINITIALIZED_AUTOS = YES_AGGRESSIVE;
				GCC_WARN_UNUSED_FUNCTION = YES;
				GCC_WARN_UNUSED_VARIABLE = YES;
				IPHONEOS_DEPLOYMENT_TARGET = 18.5;
				LOCALIZATION_PREFERS_STRING_CATALOGS = YES;
				MTL_ENABLE_DEBUG_INFO = NO;
				MTL_FAST_MATH = YES;
				SDKROOT = iphoneos;
				SWIFT_COMPILATION_MODE = wholemodule;
				VALIDATE_PRODUCT = YES;
			};
			name = Release;
		};
		3BFDA90C2DF639980075265A /* Debug */ = {
			isa = XCBuildConfiguration;
			buildSettings = {
				ASSETCATALOG_COMPILER_APPICON_NAME = AppIcon;
				ASSETCATALOG_COMPILER_GLOBAL_ACCENT_COLOR_NAME = AccentColor;
				CODE_SIGN_ENTITLEMENTS = pocketpal/pocketpal.entitlements;
				CODE_SIGN_STYLE = Automatic;
				CURRENT_PROJECT_VERSION = 1;
				DEVELOPMENT_TEAM = VQC2CHC8H8;
				ENABLE_PREVIEWS = YES;
				GENERATE_INFOPLIST_FILE = YES;
				INFOPLIST_KEY_UIApplicationSceneManifest_Generation = YES;
				INFOPLIST_KEY_UIApplicationSupportsIndirectInputEvents = YES;
				INFOPLIST_KEY_UILaunchScreen_Generation = YES;
				INFOPLIST_KEY_UISupportedInterfaceOrientations_iPad = "UIInterfaceOrientationPortrait UIInterfaceOrientationPortraitUpsideDown UIInterfaceOrientationLandscapeLeft UIInterfaceOrientationLandscapeRight";
				INFOPLIST_KEY_UISupportedInterfaceOrientations_iPhone = "UIInterfaceOrientationPortrait UIInterfaceOrientationLandscapeLeft UIInterfaceOrientationLandscapeRight";
				LD_RUNPATH_SEARCH_PATHS = (
					"$(inherited)",
					"@executable_path/Frameworks",
				);
				MARKETING_VERSION = 1.0;
				PRODUCT_BUNDLE_IDENTIFIER = com.vindennt.pocketpal;
				PRODUCT_NAME = "$(TARGET_NAME)";
				SWIFT_EMIT_LOC_STRINGS = YES;
				SWIFT_VERSION = 5.0;
				TARGETED_DEVICE_FAMILY = "1,2";
			};
			name = Debug;
		};
		3BFDA90D2DF639980075265A /* Release */ = {
			isa = XCBuildConfiguration;
			buildSettings = {
				ASSETCATALOG_COMPILER_APPICON_NAME = AppIcon;
				ASSETCATALOG_COMPILER_GLOBAL_ACCENT_COLOR_NAME = AccentColor;
				CODE_SIGN_ENTITLEMENTS = pocketpal/pocketpal.entitlements;
				CODE_SIGN_STYLE = Automatic;
				CURRENT_PROJECT_VERSION = 1;
				DEVELOPMENT_TEAM = VQC2CHC8H8;
				ENABLE_PREVIEWS = YES;
				GENERATE_INFOPLIST_FILE = YES;
				INFOPLIST_KEY_UIApplicationSceneManifest_Generation = YES;
				INFOPLIST_KEY_UIApplicationSupportsIndirectInputEvents = YES;
				INFOPLIST_KEY_UILaunchScreen_Generation = YES;
				INFOPLIST_KEY_UISupportedInterfaceOrientations_iPad = "UIInterfaceOrientationPortrait UIInterfaceOrientationPortraitUpsideDown UIInterfaceOrientationLandscapeLeft UIInterfaceOrientationLandscapeRight";
				INFOPLIST_KEY_UISupportedInterfaceOrientations_iPhone = "UIInterfaceOrientationPortrait UIInterfaceOrientationLandscapeLeft UIInterfaceOrientationLandscapeRight";
				LD_RUNPATH_SEARCH_PATHS = (
					"$(inherited)",
					"@executable_path/Frameworks",
				);
				MARKETING_VERSION = 1.0;
				PRODUCT_BUNDLE_IDENTIFIER = com.vindennt.pocketpal;
				PRODUCT_NAME = "$(TARGET_NAME)";
				SWIFT_EMIT_LOC_STRINGS = YES;
				SWIFT_VERSION = 5.0;
				TARGETED_DEVICE_FAMILY = "1,2";
			};
			name = Release;
		};
		3BFDA9252DF63AC00075265A /* Debug */ = {
			isa = XCBuildConfiguration;
			buildSettings = {
				ASSETCATALOG_COMPILER_GLOBAL_ACCENT_COLOR_NAME = AccentColor;
				ASSETCATALOG_COMPILER_WIDGET_BACKGROUND_COLOR_NAME = WidgetBackground;
				CODE_SIGN_ENTITLEMENTS = pocketpalwidgetExtension.entitlements;
				CODE_SIGN_STYLE = Automatic;
				CURRENT_PROJECT_VERSION = 1;
				DEVELOPMENT_TEAM = VQC2CHC8H8;
				GENERATE_INFOPLIST_FILE = YES;
				INFOPLIST_FILE = pocketpalwidget/Info.plist;
				INFOPLIST_KEY_CFBundleDisplayName = pocketpalwidget;
				INFOPLIST_KEY_NSHumanReadableCopyright = "";
				LD_RUNPATH_SEARCH_PATHS = (
					"$(inherited)",
					"@executable_path/Frameworks",
					"@executable_path/../../Frameworks",
				);
				MARKETING_VERSION = 1.0;
				PRODUCT_BUNDLE_IDENTIFIER = com.vindennt.pocketpal.pocketpalwidget;
				PRODUCT_NAME = "$(TARGET_NAME)";
				SKIP_INSTALL = YES;
				SWIFT_EMIT_LOC_STRINGS = YES;
				SWIFT_VERSION = 5.0;
				TARGETED_DEVICE_FAMILY = "1,2";
			};
			name = Debug;
		};
		3BFDA9262DF63AC00075265A /* Release */ = {
			isa = XCBuildConfiguration;
			buildSettings = {
				ASSETCATALOG_COMPILER_GLOBAL_ACCENT_COLOR_NAME = AccentColor;
				ASSETCATALOG_COMPILER_WIDGET_BACKGROUND_COLOR_NAME = WidgetBackground;
				CODE_SIGN_ENTITLEMENTS = pocketpalwidgetExtension.entitlements;
				CODE_SIGN_STYLE = Automatic;
				CURRENT_PROJECT_VERSION = 1;
				DEVELOPMENT_TEAM = VQC2CHC8H8;
				GENERATE_INFOPLIST_FILE = YES;
				INFOPLIST_FILE = pocketpalwidget/Info.plist;
				INFOPLIST_KEY_CFBundleDisplayName = pocketpalwidget;
				INFOPLIST_KEY_NSHumanReadableCopyright = "";
				LD_RUNPATH_SEARCH_PATHS = (
					"$(inherited)",
					"@executable_path/Frameworks",
					"@executable_path/../../Frameworks",
				);
				MARKETING_VERSION = 1.0;
				PRODUCT_BUNDLE_IDENTIFIER = com.vindennt.pocketpal.pocketpalwidget;
				PRODUCT_NAME = "$(TARGET_NAME)";
				SKIP_INSTALL = YES;
				SWIFT_EMIT_LOC_STRINGS = YES;
				SWIFT_VERSION = 5.0;
				TARGETED_DEVICE_FAMILY = "1,2";
			};
			name = Release;
		};
/* End XCBuildConfiguration section */

/* Begin XCConfigurationList section */
		3BFDA8FB2DF639970075265A /* Build configuration list for PBXProject "pocketpal" */ = {
			isa = XCConfigurationList;
			buildConfigurations = (
				3BFDA9092DF639980075265A /* Debug */,
				3BFDA90A2DF639980075265A /* Release */,
			);
			defaultConfigurationIsVisible = 0;
			defaultConfigurationName = Release;
		};
		3BFDA90B2DF639980075265A /* Build configuration list for PBXNativeTarget "pocketpal" */ = {
			isa = XCConfigurationList;
			buildConfigurations = (
				3BFDA90C2DF639980075265A /* Debug */,
				3BFDA90D2DF639980075265A /* Release */,
			);
			defaultConfigurationIsVisible = 0;
			defaultConfigurationName = Release;
		};
		3BFDA9242DF63AC00075265A /* Build configuration list for PBXNativeTarget "pocketpalwidgetExtension" */ = {
			isa = XCConfigurationList;
			buildConfigurations = (
				3BFDA9252DF63AC00075265A /* Debug */,
				3BFDA9262DF63AC00075265A /* Release */,
			);
			defaultConfigurationIsVisible = 0;
			defaultConfigurationName = Release;
		};
/* End XCConfigurationList section */
	};
	rootObject = 3BFDA8F82DF639970075265A /* Project object */;
}
